
Microsoft Visual Studio Solution File, Format Version 12.00
# Visual Studio Version 17
VisualStudioVersion = 17.3.32825.248
MinimumVisualStudioVersion = 10.0.40219.1
Project("{9A19103F-16F7-4668-BE54-9A1E7A4F7556}") = "WebTools.Core", "Webtools.Core\WebTools.Core.csproj", "{C4ED4BE4-23A9-483D-95BD-642C0CB0ADE6}"
EndProject
Project("{9A19103F-16F7-4668-BE54-9A1E7A4F7556}") = "WebTools.Core.Tests", "Webtools.Core.Tests\WebTools.Core.Tests.csproj", "{9544EC72-AC84-44E6-9086-229FA5201B43}"
EndProject
Project("{9A19103F-16F7-4668-BE54-9A1E7A4F7556}") = "WebTools", "WebTools\WebTools.csproj", "{CBFA9A6C-5760-4FDF-B69C-FD56B9F6F9A9}"
EndProject
Global
	GlobalSection(SolutionConfigurationPlatforms) = preSolution
		Debug|Any CPU = Debug|Any CPU
		Release|Any CPU = Release|Any CPU
	EndGlobalSection
	GlobalSection(ProjectConfigurationPlatforms) = postSolution
		{C4ED4BE4-23A9-483D-95BD-642C0CB0ADE6}.Debug|Any CPU.ActiveCfg = Debug|Any CPU
		{C4ED4BE4-23A9-483D-95BD-642C0CB0ADE6}.Debug|Any CPU.Build.0 = Debug|Any CPU
		{C4ED4BE4-23A9-483D-95BD-642C0CB0ADE6}.Release|Any CPU.ActiveCfg = Release|Any CPU
		{C4ED4BE4-23A9-483D-95BD-642C0CB0ADE6}.Release|Any CPU.Build.0 = Release|Any CPU
		{9544EC72-AC84-44E6-9086-229FA5201B43}.Debug|Any CPU.ActiveCfg = Debug|Any CPU
		{9544EC72-AC84-44E6-9086-229FA5201B43}.Debug|Any CPU.Build.0 = Debug|Any CPU
		{9544EC72-AC84-44E6-9086-229FA5201B43}.Release|Any CPU.ActiveCfg = Release|Any CPU
		{9544EC72-AC84-44E6-9086-229FA5201B43}.Release|Any CPU.Build.0 = Release|Any CPU
		{CBFA9A6C-5760-4FDF-B69C-FD56B9F6F9A9}.Debug|Any CPU.ActiveCfg = Debug|Any CPU
		{CBFA9A6C-5760-4FDF-B69C-FD56B9F6F9A9}.Debug|Any CPU.Build.0 = Debug|Any CPU
		{CBFA9A6C-5760-4FDF-B69C-FD56B9F6F9A9}.Release|Any CPU.ActiveCfg = Release|Any CPU
		{CBFA9A6C-5760-4FDF-B69C-FD56B9F6F9A9}.Release|Any CPU.Build.0 = Release|Any CPU
	EndGlobalSection
	GlobalSection(SolutionProperties) = preSolution
		HideSolutionNode = FALSE
	EndGlobalSection
	GlobalSection(ExtensibilityGlobals) = postSolution
		SolutionGuid = {7DFC2608-807D-4EFC-9D51-DEFD5A09396C}
	EndGlobalSection
EndGlobal
