
Microsoft Visual Studio Solution File, Format Version 12.00
# Visual Studio Version 17
VisualStudioVersion = 17.0.31717.71
MinimumVisualStudioVersion = 10.0.40219.1
Project("{9A19103F-16F7-4668-BE54-9A1E7A4F7556}") = "WebTools", "WebTools.csproj", "{63E24D3C-5A68-43BC-A3C1-C96CAC6BA3A3}"
EndProject
Global
	GlobalSection(SolutionConfigurationPlatforms) = preSolution
		Debug|Any CPU = Debug|Any CPU
		Release|Any CPU = Release|Any CPU
	EndGlobalSection
	GlobalSection(ProjectConfigurationPlatforms) = postSolution
		{63E24D3C-5A68-43BC-A3C1-C96CAC6BA3A3}.Debug|Any CPU.ActiveCfg = Debug|Any CPU
		{63E24D3C-5A68-43BC-A3C1-C96CAC6BA3A3}.Debug|Any CPU.Build.0 = Debug|Any CPU
		{63E24D3C-5A68-43BC-A3C1-C96CAC6BA3A3}.Release|Any CPU.ActiveCfg = Release|Any CPU
		{63E24D3C-5A68-43BC-A3C1-C96CAC6BA3A3}.Release|Any CPU.Build.0 = Release|Any CPU
	EndGlobalSection
	GlobalSection(SolutionProperties) = preSolution
		HideSolutionNode = FALSE
	EndGlobalSection
	GlobalSection(ExtensibilityGlobals) = postSolution
		SolutionGuid = {DA19F2B5-BFF4-4286-B6CA-B87B92151160}
	EndGlobalSection
EndGlobal